// !$*UTF8*$!
{
	archiveVersion = 1;
	classes = {
	};
	objectVersion = 46;
	objects = {

/* Begin PBXBuildFile section */
		2619C4A91C7D85D300334266 /* main.m in Sources */ = {isa = PBXBuildFile; fileRef = 2619C4A81C7D85D300334266 /* main.m */; };
		2619C4AC1C7D85D300334266 /* AppDelegate.m in Sources */ = {isa = PBXBuildFile; fileRef = 2619C4AB1C7D85D300334266 /* AppDelegate.m */; };
		2619C4AF1C7D85D300334266 /* MainViewController.m in Sources */ = {isa = PBXBuildFile; fileRef = 2619C4AE1C7D85D300334266 /* MainViewController.m */; };
		2619C4B21C7D85D300334266 /* Main.storyboard in Resources */ = {isa = PBXBuildFile; fileRef = 2619C4B01C7D85D300334266 /* Main.storyboard */; };
		2619C4B41C7D85D300334266 /* Assets.xcassets in Resources */ = {isa = PBXBuildFile; fileRef = 2619C4B31C7D85D300334266 /* Assets.xcassets */; };
		2619C4B71C7D85D300334266 /* LaunchScreen.storyboard in Resources */ = {isa = PBXBuildFile; fileRef = 2619C4B51C7D85D300334266 /* LaunchScreen.storyboard */; };
		2619C4C21C7D85D300334266 /* CollectionView_SampleTests.m in Sources */ = {isa = PBXBuildFile; fileRef = 2619C4C11C7D85D300334266 /* CollectionView_SampleTests.m */; };
		2619C4CD1C7D85D300334266 /* CollectionView_SampleUITests.m in Sources */ = {isa = PBXBuildFile; fileRef = 2619C4CC1C7D85D300334266 /* CollectionView_SampleUITests.m */; };
		2619C4DC1C7D891400334266 /* MainNavigationController.m in Sources */ = {isa = PBXBuildFile; fileRef = 2619C4DB1C7D891400334266 /* MainNavigationController.m */; };
		2619C4E21C7D89DC00334266 /* MainCollectionReusableView.m in Sources */ = {isa = PBXBuildFile; fileRef = 2619C4E11C7D89DC00334266 /* MainCollectionReusableView.m */; };
		2619C4E51C7D89EF00334266 /* MainCollectionView.m in Sources */ = {isa = PBXBuildFile; fileRef = 2619C4E41C7D89EF00334266 /* MainCollectionView.m */; };
		2619C4E81C7D89FE00334266 /* MainCollectionViewCell.m in Sources */ = {isa = PBXBuildFile; fileRef = 2619C4E71C7D89FE00334266 /* MainCollectionViewCell.m */; };
		2663E9211CA13603008942A3 /* WECopyright.m in Sources */ = {isa = PBXBuildFile; fileRef = 2663E9101CA13603008942A3 /* WECopyright.m */; };
		2663E9221CA13603008942A3 /* WEDescription.m in Sources */ = {isa = PBXBuildFile; fileRef = 2663E9121CA13603008942A3 /* WEDescription.m */; };
		2663E9231CA13603008942A3 /* WEForecast.m in Sources */ = {isa = PBXBuildFile; fileRef = 2663E9141CA13603008942A3 /* WEForecast.m */; };
		2663E9241CA13603008942A3 /* WEImage.m in Sources */ = {isa = PBXBuildFile; fileRef = 2663E9161CA13603008942A3 /* WEImage.m */; };
		2663E9251CA13603008942A3 /* WELocation.m in Sources */ = {isa = PBXBuildFile; fileRef = 2663E9181CA13603008942A3 /* WELocation.m */; };
		2663E9261CA13603008942A3 /* WEMax.m in Sources */ = {isa = PBXBuildFile; fileRef = 2663E91A1CA13603008942A3 /* WEMax.m */; };
		2663E9271CA13603008942A3 /* WEProvider.m in Sources */ = {isa = PBXBuildFile; fileRef = 2663E91C1CA13603008942A3 /* WEProvider.m */; };
		2663E9281CA13603008942A3 /* WETemperature.m in Sources */ = {isa = PBXBuildFile; fileRef = 2663E91E1CA13603008942A3 /* WETemperature.m */; };
		2663E9291CA13603008942A3 /* WEWeather.m in Sources */ = {isa = PBXBuildFile; fileRef = 2663E9201CA13603008942A3 /* WEWeather.m */; };
		26D393AB1C7EA19000DABA01 /* akita.json in Resources */ = {isa = PBXBuildFile; fileRef = 26D3939D1C7EA19000DABA01 /* akita.json */; };
		26D393AC1C7EA19000DABA01 /* hiroshima.json in Resources */ = {isa = PBXBuildFile; fileRef = 26D3939E1C7EA19000DABA01 /* hiroshima.json */; };
		26D393AD1C7EA19000DABA01 /* hukuoka.json in Resources */ = {isa = PBXBuildFile; fileRef = 26D3939F1C7EA19000DABA01 /* hukuoka.json */; };
		26D393AE1C7EA19000DABA01 /* kagoshima.json in Resources */ = {isa = PBXBuildFile; fileRef = 26D393A01C7EA19000DABA01 /* kagoshima.json */; };
		26D393AF1C7EA19000DABA01 /* kouchi.json in Resources */ = {isa = PBXBuildFile; fileRef = 26D393A11C7EA19000DABA01 /* kouchi.json */; };
		26D393B01C7EA19000DABA01 /* kushiro.json in Resources */ = {isa = PBXBuildFile; fileRef = 26D393A21C7EA19000DABA01 /* kushiro.json */; };
		26D393B11C7EA19000DABA01 /* nagano.json in Resources */ = {isa = PBXBuildFile; fileRef = 26D393A31C7EA19000DABA01 /* nagano.json */; };
		26D393B21C7EA19000DABA01 /* nagoya.json in Resources */ = {isa = PBXBuildFile; fileRef = 26D393A41C7EA19000DABA01 /* nagoya.json */; };
		26D393B31C7EA19000DABA01 /* naha.json in Resources */ = {isa = PBXBuildFile; fileRef = 26D393A51C7EA19000DABA01 /* naha.json */; };
		26D393B41C7EA19000DABA01 /* niigata.json in Resources */ = {isa = PBXBuildFile; fileRef = 26D393A61C7EA19000DABA01 /* niigata.json */; };
		26D393B51C7EA19000DABA01 /* oosaka.json in Resources */ = {isa = PBXBuildFile; fileRef = 26D393A71C7EA19000DABA01 /* oosaka.json */; };
		26D393B61C7EA19000DABA01 /* sapporo.json in Resources */ = {isa = PBXBuildFile; fileRef = 26D393A81C7EA19000DABA01 /* sapporo.json */; };
		26D393B71C7EA19000DABA01 /* sendai.json in Resources */ = {isa = PBXBuildFile; fileRef = 26D393A91C7EA19000DABA01 /* sendai.json */; };
		26D393B81C7EA19000DABA01 /* tokyo.json in Resources */ = {isa = PBXBuildFile; fileRef = 26D393AA1C7EA19000DABA01 /* tokyo.json */; };
/* End PBXBuildFile section */

/* Begin PBXContainerItemProxy section */
		2619C4BE1C7D85D300334266 /* PBXContainerItemProxy */ = {
			isa = PBXContainerItemProxy;
			containerPortal = 2619C49C1C7D85D300334266 /* Project object */;
			proxyType = 1;
			remoteGlobalIDString = 2619C4A31C7D85D300334266;
			remoteInfo = "CollectionView-Sample";
		};
		2619C4C91C7D85D300334266 /* PBXContainerItemProxy */ = {
			isa = PBXContainerItemProxy;
			containerPortal = 2619C49C1C7D85D300334266 /* Project object */;
			proxyType = 1;
			remoteGlobalIDString = 2619C4A31C7D85D300334266;
			remoteInfo = "CollectionView-Sample";
		};
/* End PBXContainerItemProxy section */

/* Begin PBXFileReference section */
		2619C4A41C7D85D300334266 /* CollectionView-Sample.app */ = {isa = PBXFileReference; explicitFileType = wrapper.application; includeInIndex = 0; path = "CollectionView-Sample.app"; sourceTree = BUILT_PRODUCTS_DIR; };
		2619C4A81C7D85D300334266 /* main.m */ = {isa = PBXFileReference; lastKnownFileType = sourcecode.c.objc; path = main.m; sourceTree = "<group>"; };
		2619C4AA1C7D85D300334266 /* AppDelegate.h */ = {isa = PBXFileReference; lastKnownFileType = sourcecode.c.h; path = AppDelegate.h; sourceTree = "<group>"; };
		2619C4AB1C7D85D300334266 /* AppDelegate.m */ = {isa = PBXFileReference; lastKnownFileType = sourcecode.c.objc; path = AppDelegate.m; sourceTree = "<group>"; };
		2619C4AD1C7D85D300334266 /* MainViewController.h */ = {isa = PBXFileReference; lastKnownFileType = sourcecode.c.h; path = MainViewController.h; sourceTree = "<group>"; };
		2619C4AE1C7D85D300334266 /* MainViewController.m */ = {isa = PBXFileReference; lastKnownFileType = sourcecode.c.objc; path = MainViewController.m; sourceTree = "<group>"; };
		2619C4B11C7D85D300334266 /* Base */ = {isa = PBXFileReference; lastKnownFileType = file.storyboard; name = Base; path = Base.lproj/Main.storyboard; sourceTree = "<group>"; };
		2619C4B31C7D85D300334266 /* Assets.xcassets */ = {isa = PBXFileReference; lastKnownFileType = folder.assetcatalog; path = Assets.xcassets; sourceTree = "<group>"; };
		2619C4B61C7D85D300334266 /* Base */ = {isa = PBXFileReference; lastKnownFileType = file.storyboard; name = Base; path = Base.lproj/LaunchScreen.storyboard; sourceTree = "<group>"; };
		2619C4B81C7D85D300334266 /* Info.plist */ = {isa = PBXFileReference; lastKnownFileType = text.plist.xml; path = Info.plist; sourceTree = "<group>"; };
		2619C4BD1C7D85D300334266 /* CollectionView-SampleTests.xctest */ = {isa = PBXFileReference; explicitFileType = wrapper.cfbundle; includeInIndex = 0; path = "CollectionView-SampleTests.xctest"; sourceTree = BUILT_PRODUCTS_DIR; };
		2619C4C11C7D85D300334266 /* CollectionView_SampleTests.m */ = {isa = PBXFileReference; lastKnownFileType = sourcecode.c.objc; path = CollectionView_SampleTests.m; sourceTree = "<group>"; };
		2619C4C31C7D85D300334266 /* Info.plist */ = {isa = PBXFileReference; lastKnownFileType = text.plist.xml; path = Info.plist; sourceTree = "<group>"; };
		2619C4C81C7D85D300334266 /* CollectionView-SampleUITests.xctest */ = {isa = PBXFileReference; explicitFileType = wrapper.cfbundle; includeInIndex = 0; path = "CollectionView-SampleUITests.xctest"; sourceTree = BUILT_PRODUCTS_DIR; };
		2619C4CC1C7D85D300334266 /* CollectionView_SampleUITests.m */ = {isa = PBXFileReference; lastKnownFileType = sourcecode.c.objc; path = CollectionView_SampleUITests.m; sourceTree = "<group>"; };
		2619C4CE1C7D85D300334266 /* Info.plist */ = {isa = PBXFileReference; lastKnownFileType = text.plist.xml; path = Info.plist; sourceTree = "<group>"; };
		2619C4DA1C7D891400334266 /* MainNavigationController.h */ = {isa = PBXFileReference; fileEncoding = 4; lastKnownFileType = sourcecode.c.h; path = MainNavigationController.h; sourceTree = "<group>"; };
		2619C4DB1C7D891400334266 /* MainNavigationController.m */ = {isa = PBXFileReference; fileEncoding = 4; lastKnownFileType = sourcecode.c.objc; path = MainNavigationController.m; sourceTree = "<group>"; };
		2619C4E01C7D89DC00334266 /* MainCollectionReusableView.h */ = {isa = PBXFileReference; fileEncoding = 4; lastKnownFileType = sourcecode.c.h; path = MainCollectionReusableView.h; sourceTree = "<group>"; };
		2619C4E11C7D89DC00334266 /* MainCollectionReusableView.m */ = {isa = PBXFileReference; fileEncoding = 4; lastKnownFileType = sourcecode.c.objc; path = MainCollectionReusableView.m; sourceTree = "<group>"; };
		2619C4E31C7D89EF00334266 /* MainCollectionView.h */ = {isa = PBXFileReference; fileEncoding = 4; lastKnownFileType = sourcecode.c.h; path = MainCollectionView.h; sourceTree = "<group>"; };
		2619C4E41C7D89EF00334266 /* MainCollectionView.m */ = {isa = PBXFileReference; fileEncoding = 4; lastKnownFileType = sourcecode.c.objc; path = MainCollectionView.m; sourceTree = "<group>"; };
		2619C4E61C7D89FE00334266 /* MainCollectionViewCell.h */ = {isa = PBXFileReference; fileEncoding = 4; lastKnownFileType = sourcecode.c.h; path = MainCollectionViewCell.h; sourceTree = "<group>"; };
		2619C4E71C7D89FE00334266 /* MainCollectionViewCell.m */ = {isa = PBXFileReference; fileEncoding = 4; lastKnownFileType = sourcecode.c.objc; path = MainCollectionViewCell.m; sourceTree = "<group>"; };
		2663E90F1CA13603008942A3 /* WECopyright.h */ = {isa = PBXFileReference; fileEncoding = 4; lastKnownFileType = sourcecode.c.h; path = WECopyright.h; sourceTree = "<group>"; };
		2663E9101CA13603008942A3 /* WECopyright.m */ = {isa = PBXFileReference; fileEncoding = 4; lastKnownFileType = sourcecode.c.objc; path = WECopyright.m; sourceTree = "<group>"; };
		2663E9111CA13603008942A3 /* WEDescription.h */ = {isa = PBXFileReference; fileEncoding = 4; lastKnownFileType = sourcecode.c.h; path = WEDescription.h; sourceTree = "<group>"; };
		2663E9121CA13603008942A3 /* WEDescription.m */ = {isa = PBXFileReference; fileEncoding = 4; lastKnownFileType = sourcecode.c.objc; path = WEDescription.m; sourceTree = "<group>"; };
		2663E9131CA13603008942A3 /* WEForecast.h */ = {isa = PBXFileReference; fileEncoding = 4; lastKnownFileType = sourcecode.c.h; path = WEForecast.h; sourceTree = "<group>"; };
		2663E9141CA13603008942A3 /* WEForecast.m */ = {isa = PBXFileReference; fileEncoding = 4; lastKnownFileType = sourcecode.c.objc; path = WEForecast.m; sourceTree = "<group>"; };
		2663E9151CA13603008942A3 /* WEImage.h */ = {isa = PBXFileReference; fileEncoding = 4; lastKnownFileType = sourcecode.c.h; path = WEImage.h; sourceTree = "<group>"; };
		2663E9161CA13603008942A3 /* WEImage.m */ = {isa = PBXFileReference; fileEncoding = 4; lastKnownFileType = sourcecode.c.objc; path = WEImage.m; sourceTree = "<group>"; };
		2663E9171CA13603008942A3 /* WELocation.h */ = {isa = PBXFileReference; fileEncoding = 4; lastKnownFileType = sourcecode.c.h; path = WELocation.h; sourceTree = "<group>"; };
		2663E9181CA13603008942A3 /* WELocation.m */ = {isa = PBXFileReference; fileEncoding = 4; lastKnownFileType = sourcecode.c.objc; path = WELocation.m; sourceTree = "<group>"; };
		2663E9191CA13603008942A3 /* WEMax.h */ = {isa = PBXFileReference; fileEncoding = 4; lastKnownFileType = sourcecode.c.h; path = WEMax.h; sourceTree = "<group>"; };
		2663E91A1CA13603008942A3 /* WEMax.m */ = {isa = PBXFileReference; fileEncoding = 4; lastKnownFileType = sourcecode.c.objc; path = WEMax.m; sourceTree = "<group>"; };
		2663E91B1CA13603008942A3 /* WEProvider.h */ = {isa = PBXFileReference; fileEncoding = 4; lastKnownFileType = sourcecode.c.h; path = WEProvider.h; sourceTree = "<group>"; };
		2663E91C1CA13603008942A3 /* WEProvider.m */ = {isa = PBXFileReference; fileEncoding = 4; lastKnownFileType = sourcecode.c.objc; path = WEProvider.m; sourceTree = "<group>"; };
		2663E91D1CA13603008942A3 /* WETemperature.h */ = {isa = PBXFileReference; fileEncoding = 4; lastKnownFileType = sourcecode.c.h; path = WETemperature.h; sourceTree = "<group>"; };
		2663E91E1CA13603008942A3 /* WETemperature.m */ = {isa = PBXFileReference; fileEncoding = 4; lastKnownFileType = sourcecode.c.objc; path = WETemperature.m; sourceTree = "<group>"; };
		2663E91F1CA13603008942A3 /* WEWeather.h */ = {isa = PBXFileReference; fileEncoding = 4; lastKnownFileType = sourcecode.c.h; path = WEWeather.h; sourceTree = "<group>"; };
		2663E9201CA13603008942A3 /* WEWeather.m */ = {isa = PBXFileReference; fileEncoding = 4; lastKnownFileType = sourcecode.c.objc; path = WEWeather.m; sourceTree = "<group>"; };
		26D3939D1C7EA19000DABA01 /* akita.json */ = {isa = PBXFileReference; fileEncoding = 4; lastKnownFileType = text.json; path = akita.json; sourceTree = "<group>"; };
		26D3939E1C7EA19000DABA01 /* hiroshima.json */ = {isa = PBXFileReference; fileEncoding = 4; lastKnownFileType = text.json; path = hiroshima.json; sourceTree = "<group>"; };
		26D3939F1C7EA19000DABA01 /* hukuoka.json */ = {isa = PBXFileReference; fileEncoding = 4; lastKnownFileType = text.json; path = hukuoka.json; sourceTree = "<group>"; };
		26D393A01C7EA19000DABA01 /* kagoshima.json */ = {isa = PBXFileReference; fileEncoding = 4; lastKnownFileType = text.json; path = kagoshima.json; sourceTree = "<group>"; };
		26D393A11C7EA19000DABA01 /* kouchi.json */ = {isa = PBXFileReference; fileEncoding = 4; lastKnownFileType = text.json; path = kouchi.json; sourceTree = "<group>"; };
		26D393A21C7EA19000DABA01 /* kushiro.json */ = {isa = PBXFileReference; fileEncoding = 4; lastKnownFileType = text.json; path = kushiro.json; sourceTree = "<group>"; };
		26D393A31C7EA19000DABA01 /* nagano.json */ = {isa = PBXFileReference; fileEncoding = 4; lastKnownFileType = text.json; path = nagano.json; sourceTree = "<group>"; };
		26D393A41C7EA19000DABA01 /* nagoya.json */ = {isa = PBXFileReference; fileEncoding = 4; lastKnownFileType = text.json; path = nagoya.json; sourceTree = "<group>"; };
		26D393A51C7EA19000DABA01 /* naha.json */ = {isa = PBXFileReference; fileEncoding = 4; lastKnownFileType = text.json; path = naha.json; sourceTree = "<group>"; };
		26D393A61C7EA19000DABA01 /* niigata.json */ = {isa = PBXFileReference; fileEncoding = 4; lastKnownFileType = text.json; path = niigata.json; sourceTree = "<group>"; };
		26D393A71C7EA19000DABA01 /* oosaka.json */ = {isa = PBXFileReference; fileEncoding = 4; lastKnownFileType = text.json; path = oosaka.json; sourceTree = "<group>"; };
		26D393A81C7EA19000DABA01 /* sapporo.json */ = {isa = PBXFileReference; fileEncoding = 4; lastKnownFileType = text.json; path = sapporo.json; sourceTree = "<group>"; };
		26D393A91C7EA19000DABA01 /* sendai.json */ = {isa = PBXFileReference; fileEncoding = 4; lastKnownFileType = text.json; path = sendai.json; sourceTree = "<group>"; };
		26D393AA1C7EA19000DABA01 /* tokyo.json */ = {isa = PBXFileReference; fileEncoding = 4; lastKnownFileType = text.json; path = tokyo.json; sourceTree = "<group>"; };
/* End PBXFileReference section */

/* Begin PBXFrameworksBuildPhase section */
		2619C4A11C7D85D300334266 /* Frameworks */ = {
			isa = PBXFrameworksBuildPhase;
			buildActionMask = 2147483647;
			files = (
			);
			runOnlyForDeploymentPostprocessing = 0;
		};
		2619C4BA1C7D85D300334266 /* Frameworks */ = {
			isa = PBXFrameworksBuildPhase;
			buildActionMask = 2147483647;
			files = (
			);
			runOnlyForDeploymentPostprocessing = 0;
		};
		2619C4C51C7D85D300334266 /* Frameworks */ = {
			isa = PBXFrameworksBuildPhase;
			buildActionMask = 2147483647;
			files = (
			);
			runOnlyForDeploymentPostprocessing = 0;
		};
/* End PBXFrameworksBuildPhase section */

/* Begin PBXGroup section */
		2619C49B1C7D85D300334266 = {
			isa = PBXGroup;
			children = (
				2619C4A61C7D85D300334266 /* CollectionView-Sample */,
				2619C4C01C7D85D300334266 /* CollectionView-SampleTests */,
				2619C4CB1C7D85D300334266 /* CollectionView-SampleUITests */,
				2619C4A51C7D85D300334266 /* Products */,
			);
			sourceTree = "<group>";
		};
		2619C4A51C7D85D300334266 /* Products */ = {
			isa = PBXGroup;
			children = (
				2619C4A41C7D85D300334266 /* CollectionView-Sample.app */,
				2619C4BD1C7D85D300334266 /* CollectionView-SampleTests.xctest */,
				2619C4C81C7D85D300334266 /* CollectionView-SampleUITests.xctest */,
			);
			name = Products;
			sourceTree = "<group>";
		};
		2619C4A61C7D85D300334266 /* CollectionView-Sample */ = {
			isa = PBXGroup;
			children = (
				2619C4AA1C7D85D300334266 /* AppDelegate.h */,
				2619C4AB1C7D85D300334266 /* AppDelegate.m */,
				2619C4B01C7D85D300334266 /* Main.storyboard */,
				2619C4DA1C7D891400334266 /* MainNavigationController.h */,
				2619C4DB1C7D891400334266 /* MainNavigationController.m */,
				2619C4AD1C7D85D300334266 /* MainViewController.h */,
				2619C4AE1C7D85D300334266 /* MainViewController.m */,
				2619C4E31C7D89EF00334266 /* MainCollectionView.h */,
				2619C4E41C7D89EF00334266 /* MainCollectionView.m */,
				2619C4E01C7D89DC00334266 /* MainCollectionReusableView.h */,
				2619C4E11C7D89DC00334266 /* MainCollectionReusableView.m */,
				2619C4E61C7D89FE00334266 /* MainCollectionViewCell.h */,
				2619C4E71C7D89FE00334266 /* MainCollectionViewCell.m */,
				2663E90E1CA13603008942A3 /* Model */,
				2619C4B31C7D85D300334266 /* Assets.xcassets */,
				2619C4B51C7D85D300334266 /* LaunchScreen.storyboard */,
				26D3939A1C7E9E0100DABA01 /* Resource */,
				2619C4B81C7D85D300334266 /* Info.plist */,
				2619C4A71C7D85D300334266 /* Supporting Files */,
			);
			path = "CollectionView-Sample";
			sourceTree = "<group>";
		};
		2619C4A71C7D85D300334266 /* Supporting Files */ = {
			isa = PBXGroup;
			children = (
				2619C4A81C7D85D300334266 /* main.m */,
			);
			name = "Supporting Files";
			sourceTree = "<group>";
		};
		2619C4C01C7D85D300334266 /* CollectionView-SampleTests */ = {
			isa = PBXGroup;
			children = (
				2619C4C11C7D85D300334266 /* CollectionView_SampleTests.m */,
				2619C4C31C7D85D300334266 /* Info.plist */,
			);
			path = "CollectionView-SampleTests";
			sourceTree = "<group>";
		};
		2619C4CB1C7D85D300334266 /* CollectionView-SampleUITests */ = {
			isa = PBXGroup;
			children = (
				2619C4CC1C7D85D300334266 /* CollectionView_SampleUITests.m */,
				2619C4CE1C7D85D300334266 /* Info.plist */,
			);
			path = "CollectionView-SampleUITests";
			sourceTree = "<group>";
		};
		2663E90E1CA13603008942A3 /* Model */ = {
			isa = PBXGroup;
			children = (
				2663E90F1CA13603008942A3 /* WECopyright.h */,
				2663E9101CA13603008942A3 /* WECopyright.m */,
				2663E9111CA13603008942A3 /* WEDescription.h */,
				2663E9121CA13603008942A3 /* WEDescription.m */,
				2663E9131CA13603008942A3 /* WEForecast.h */,
				2663E9141CA13603008942A3 /* WEForecast.m */,
				2663E9151CA13603008942A3 /* WEImage.h */,
				2663E9161CA13603008942A3 /* WEImage.m */,
				2663E9171CA13603008942A3 /* WELocation.h */,
				2663E9181CA13603008942A3 /* WELocation.m */,
				2663E9191CA13603008942A3 /* WEMax.h */,
				2663E91A1CA13603008942A3 /* WEMax.m */,
				2663E91B1CA13603008942A3 /* WEProvider.h */,
				2663E91C1CA13603008942A3 /* WEProvider.m */,
				2663E91D1CA13603008942A3 /* WETemperature.h */,
				2663E91E1CA13603008942A3 /* WETemperature.m */,
				2663E91F1CA13603008942A3 /* WEWeather.h */,
				2663E9201CA13603008942A3 /* WEWeather.m */,
			);
			path = Model;
			sourceTree = "<group>";
		};
		26D3939A1C7E9E0100DABA01 /* Resource */ = {
			isa = PBXGroup;
			children = (
				26D3939D1C7EA19000DABA01 /* akita.json */,
				26D3939E1C7EA19000DABA01 /* hiroshima.json */,
				26D3939F1C7EA19000DABA01 /* hukuoka.json */,
				26D393A01C7EA19000DABA01 /* kagoshima.json */,
				26D393A11C7EA19000DABA01 /* kouchi.json */,
				26D393A21C7EA19000DABA01 /* kushiro.json */,
				26D393A31C7EA19000DABA01 /* nagano.json */,
				26D393A41C7EA19000DABA01 /* nagoya.json */,
				26D393A51C7EA19000DABA01 /* naha.json */,
				26D393A61C7EA19000DABA01 /* niigata.json */,
				26D393A71C7EA19000DABA01 /* oosaka.json */,
				26D393A81C7EA19000DABA01 /* sapporo.json */,
				26D393A91C7EA19000DABA01 /* sendai.json */,
				26D393AA1C7EA19000DABA01 /* tokyo.json */,
			);
			path = Resource;
			sourceTree = "<group>";
		};
/* End PBXGroup section */

/* Begin PBXNativeTarget section */
		2619C4A31C7D85D300334266 /* CollectionView-Sample */ = {
			isa = PBXNativeTarget;
			buildConfigurationList = 2619C4D11C7D85D300334266 /* Build configuration list for PBXNativeTarget "CollectionView-Sample" */;
			buildPhases = (
				2619C4A01C7D85D300334266 /* Sources */,
				2619C4A11C7D85D300334266 /* Frameworks */,
				2619C4A21C7D85D300334266 /* Resources */,
			);
			buildRules = (
			);
			dependencies = (
			);
			name = "CollectionView-Sample";
			productName = "CollectionView-Sample";
			productReference = 2619C4A41C7D85D300334266 /* CollectionView-Sample.app */;
			productType = "com.apple.product-type.application";
		};
		2619C4BC1C7D85D300334266 /* CollectionView-SampleTests */ = {
			isa = PBXNativeTarget;
			buildConfigurationList = 2619C4D41C7D85D300334266 /* Build configuration list for PBXNativeTarget "CollectionView-SampleTests" */;
			buildPhases = (
				2619C4B91C7D85D300334266 /* Sources */,
				2619C4BA1C7D85D300334266 /* Frameworks */,
				2619C4BB1C7D85D300334266 /* Resources */,
			);
			buildRules = (
			);
			dependencies = (
				2619C4BF1C7D85D300334266 /* PBXTargetDependency */,
			);
			name = "CollectionView-SampleTests";
			productName = "CollectionView-SampleTests";
			productReference = 2619C4BD1C7D85D300334266 /* CollectionView-SampleTests.xctest */;
			productType = "com.apple.product-type.bundle.unit-test";
		};
		2619C4C71C7D85D300334266 /* CollectionView-SampleUITests */ = {
			isa = PBXNativeTarget;
			buildConfigurationList = 2619C4D71C7D85D300334266 /* Build configuration list for PBXNativeTarget "CollectionView-SampleUITests" */;
			buildPhases = (
				2619C4C41C7D85D300334266 /* Sources */,
				2619C4C51C7D85D300334266 /* Frameworks */,
				2619C4C61C7D85D300334266 /* Resources */,
			);
			buildRules = (
			);
			dependencies = (
				2619C4CA1C7D85D300334266 /* PBXTargetDependency */,
			);
			name = "CollectionView-SampleUITests";
			productName = "CollectionView-SampleUITests";
			productReference = 2619C4C81C7D85D300334266 /* CollectionView-SampleUITests.xctest */;
			productType = "com.apple.product-type.bundle.ui-testing";
		};
/* End PBXNativeTarget section */

/* Begin PBXProject section */
		2619C49C1C7D85D300334266 /* Project object */ = {
			isa = PBXProject;
			attributes = {
				LastUpgradeCheck = 0720;
				ORGANIZATIONNAME = masato_arai;
				TargetAttributes = {
					2619C4A31C7D85D300334266 = {
						CreatedOnToolsVersion = 7.2.1;
					};
					2619C4BC1C7D85D300334266 = {
						CreatedOnToolsVersion = 7.2.1;
						TestTargetID = 2619C4A31C7D85D300334266;
					};
					2619C4C71C7D85D300334266 = {
						CreatedOnToolsVersion = 7.2.1;
						TestTargetID = 2619C4A31C7D85D300334266;
					};
				};
			};
			buildConfigurationList = 2619C49F1C7D85D300334266 /* Build configuration list for PBXProject "CollectionView-Sample" */;
			compatibilityVersion = "Xcode 3.2";
			developmentRegion = English;
			hasScannedForEncodings = 0;
			knownRegions = (
				en,
				Base,
			);
			mainGroup = 2619C49B1C7D85D300334266;
			productRefGroup = 2619C4A51C7D85D300334266 /* Products */;
			projectDirPath = "";
			projectRoot = "";
			targets = (
				2619C4A31C7D85D300334266 /* CollectionView-Sample */,
				2619C4BC1C7D85D300334266 /* CollectionView-SampleTests */,
				2619C4C71C7D85D300334266 /* CollectionView-SampleUITests */,
			);
		};
/* End PBXProject section */

/* Begin PBXResourcesBuildPhase section */
		2619C4A21C7D85D300334266 /* Resources */ = {
			isa = PBXResourcesBuildPhase;
			buildActionMask = 2147483647;
			files = (
				26D393B81C7EA19000DABA01 /* tokyo.json in Resources */,
				26D393AB1C7EA19000DABA01 /* akita.json in Resources */,
				26D393AC1C7EA19000DABA01 /* hiroshima.json in Resources */,
				2619C4B71C7D85D300334266 /* LaunchScreen.storyboard in Resources */,
				26D393B11C7EA19000DABA01 /* nagano.json in Resources */,
				26D393B01C7EA19000DABA01 /* kushiro.json in Resources */,
				26D393B51C7EA19000DABA01 /* oosaka.json in Resources */,
				2619C4B41C7D85D300334266 /* Assets.xcassets in Resources */,
				26D393B71C7EA19000DABA01 /* sendai.json in Resources */,
				26D393B41C7EA19000DABA01 /* niigata.json in Resources */,
				26D393AD1C7EA19000DABA01 /* hukuoka.json in Resources */,
				26D393AE1C7EA19000DABA01 /* kagoshima.json in Resources */,
				26D393B61C7EA19000DABA01 /* sapporo.json in Resources */,
				26D393AF1C7EA19000DABA01 /* kouchi.json in Resources */,
				26D393B31C7EA19000DABA01 /* naha.json in Resources */,
				26D393B21C7EA19000DABA01 /* nagoya.json in Resources */,
				2619C4B21C7D85D300334266 /* Main.storyboard in Resources */,
			);
			runOnlyForDeploymentPostprocessing = 0;
		};
		2619C4BB1C7D85D300334266 /* Resources */ = {
			isa = PBXResourcesBuildPhase;
			buildActionMask = 2147483647;
			files = (
			);
			runOnlyForDeploymentPostprocessing = 0;
		};
		2619C4C61C7D85D300334266 /* Resources */ = {
			isa = PBXResourcesBuildPhase;
			buildActionMask = 2147483647;
			files = (
			);
			runOnlyForDeploymentPostprocessing = 0;
		};
/* End PBXResourcesBuildPhase section */

/* Begin PBXSourcesBuildPhase section */
		2619C4A01C7D85D300334266 /* Sources */ = {
			isa = PBXSourcesBuildPhase;
			buildActionMask = 2147483647;
			files = (
				2663E9231CA13603008942A3 /* WEForecast.m in Sources */,
				2663E9241CA13603008942A3 /* WEImage.m in Sources */,
				2663E9291CA13603008942A3 /* WEWeather.m in Sources */,
				2619C4E51C7D89EF00334266 /* MainCollectionView.m in Sources */,
				2619C4AF1C7D85D300334266 /* MainViewController.m in Sources */,
				2619C4DC1C7D891400334266 /* MainNavigationController.m in Sources */,
				2619C4AC1C7D85D300334266 /* AppDelegate.m in Sources */,
				2619C4A91C7D85D300334266 /* main.m in Sources */,
				2663E9281CA13603008942A3 /* WETemperature.m in Sources */,
				2663E9221CA13603008942A3 /* WEDescription.m in Sources */,
				2663E9251CA13603008942A3 /* WELocation.m in Sources */,
				2663E9261CA13603008942A3 /* WEMax.m in Sources */,
				2663E9211CA13603008942A3 /* WECopyright.m in Sources */,
				2619C4E81C7D89FE00334266 /* MainCollectionViewCell.m in Sources */,
				2663E9271CA13603008942A3 /* WEProvider.m in Sources */,
				2619C4E21C7D89DC00334266 /* MainCollectionReusableView.m in Sources */,
			);
			runOnlyForDeploymentPostprocessing = 0;
		};
		2619C4B91C7D85D300334266 /* Sources */ = {
			isa = PBXSourcesBuildPhase;
			buildActionMask = 2147483647;
			files = (
				2619C4C21C7D85D300334266 /* CollectionView_SampleTests.m in Sources */,
			);
			runOnlyForDeploymentPostprocessing = 0;
		};
		2619C4C41C7D85D300334266 /* Sources */ = {
			isa = PBXSourcesBuildPhase;
			buildActionMask = 2147483647;
			files = (
				2619C4CD1C7D85D300334266 /* CollectionView_SampleUITests.m in Sources */,
			);
			runOnlyForDeploymentPostprocessing = 0;
		};
/* End PBXSourcesBuildPhase section */

/* Begin PBXTargetDependency section */
		2619C4BF1C7D85D300334266 /* PBXTargetDependency */ = {
			isa = PBXTargetDependency;
			target = 2619C4A31C7D85D300334266 /* CollectionView-Sample */;
			targetProxy = 2619C4BE1C7D85D300334266 /* PBXContainerItemProxy */;
		};
		2619C4CA1C7D85D300334266 /* PBXTargetDependency */ = {
			isa = PBXTargetDependency;
			target = 2619C4A31C7D85D300334266 /* CollectionView-Sample */;
			targetProxy = 2619C4C91C7D85D300334266 /* PBXContainerItemProxy */;
		};
/* End PBXTargetDependency section */

/* Begin PBXVariantGroup section */
		2619C4B01C7D85D300334266 /* Main.storyboard */ = {
			isa = PBXVariantGroup;
			children = (
				2619C4B11C7D85D300334266 /* Base */,
			);
			name = Main.storyboard;
			sourceTree = "<group>";
		};
		2619C4B51C7D85D300334266 /* LaunchScreen.storyboard */ = {
			isa = PBXVariantGroup;
			children = (
				2619C4B61C7D85D300334266 /* Base */,
			);
			name = LaunchScreen.storyboard;
			sourceTree = "<group>";
		};
/* End PBXVariantGroup section */

/* Begin XCBuildConfiguration section */
		2619C4CF1C7D85D300334266 /* Debug */ = {
			isa = XCBuildConfiguration;
			buildSettings = {
				ALWAYS_SEARCH_USER_PATHS = NO;
				CLANG_CXX_LANGUAGE_STANDARD = "gnu++0x";
				CLANG_CXX_LIBRARY = "libc++";
				CLANG_ENABLE_MODULES = YES;
				CLANG_ENABLE_OBJC_ARC = YES;
				CLANG_WARN_BOOL_CONVERSION = YES;
				CLANG_WARN_CONSTANT_CONVERSION = YES;
				CLANG_WARN_DIRECT_OBJC_ISA_USAGE = YES_ERROR;
				CLANG_WARN_EMPTY_BODY = YES;
				CLANG_WARN_ENUM_CONVERSION = YES;
				CLANG_WARN_INT_CONVERSION = YES;
				CLANG_WARN_OBJC_ROOT_CLASS = YES_ERROR;
				CLANG_WARN_UNREACHABLE_CODE = YES;
				CLANG_WARN__DUPLICATE_METHOD_MATCH = YES;
				"CODE_SIGN_IDENTITY[sdk=iphoneos*]" = "iPhone Developer";
				COPY_PHASE_STRIP = NO;
				DEBUG_INFORMATION_FORMAT = dwarf;
				ENABLE_STRICT_OBJC_MSGSEND = YES;
				ENABLE_TESTABILITY = YES;
				GCC_C_LANGUAGE_STANDARD = gnu99;
				GCC_DYNAMIC_NO_PIC = NO;
				GCC_NO_COMMON_BLOCKS = YES;
				GCC_OPTIMIZATION_LEVEL = 0;
				GCC_PREPROCESSOR_DEFINITIONS = (
					"DEBUG=1",
					"$(inherited)",
				);
				GCC_WARN_64_TO_32_BIT_CONVERSION = YES;
				GCC_WARN_ABOUT_RETURN_TYPE = YES_ERROR;
				GCC_WARN_UNDECLARED_SELECTOR = YES;
				GCC_WARN_UNINITIALIZED_AUTOS = YES_AGGRESSIVE;
				GCC_WARN_UNUSED_FUNCTION = YES;
				GCC_WARN_UNUSED_VARIABLE = YES;
				IPHONEOS_DEPLOYMENT_TARGET = 8.0;
				MTL_ENABLE_DEBUG_INFO = YES;
				ONLY_ACTIVE_ARCH = YES;
				SDKROOT = iphoneos;
				TARGETED_DEVICE_FAMILY = "1,2";
			};
			name = Debug;
		};
		2619C4D01C7D85D300334266 /* Release */ = {
			isa = XCBuildConfiguration;
			buildSettings = {
				ALWAYS_SEARCH_USER_PATHS = NO;
				CLANG_CXX_LANGUAGE_STANDARD = "gnu++0x";
				CLANG_CXX_LIBRARY = "libc++";
				CLANG_ENABLE_MODULES = YES;
				CLANG_ENABLE_OBJC_ARC = YES;
				CLANG_WARN_BOOL_CONVERSION = YES;
				CLANG_WARN_CONSTANT_CONVERSION = YES;
				CLANG_WARN_DIRECT_OBJC_ISA_USAGE = YES_ERROR;
				CLANG_WARN_EMPTY_BODY = YES;
				CLANG_WARN_ENUM_CONVERSION = YES;
				CLANG_WARN_INT_CONVERSION = YES;
				CLANG_WARN_OBJC_ROOT_CLASS = YES_ERROR;
				CLANG_WARN_UNREACHABLE_CODE = YES;
				CLANG_WARN__DUPLICATE_METHOD_MATCH = YES;
				"CODE_SIGN_IDENTITY[sdk=iphoneos*]" = "iPhone Developer";
				COPY_PHASE_STRIP = NO;
				DEBUG_INFORMATION_FORMAT = "dwarf-with-dsym";
				ENABLE_NS_ASSERTIONS = NO;
				ENABLE_STRICT_OBJC_MSGSEND = YES;
				GCC_C_LANGUAGE_STANDARD = gnu99;
				GCC_NO_COMMON_BLOCKS = YES;
				GCC_WARN_64_TO_32_BIT_CONVERSION = YES;
				GCC_WARN_ABOUT_RETURN_TYPE = YES_ERROR;
				GCC_WARN_UNDECLARED_SELECTOR = YES;
				GCC_WARN_UNINITIALIZED_AUTOS = YES_AGGRESSIVE;
				GCC_WARN_UNUSED_FUNCTION = YES;
				GCC_WARN_UNUSED_VARIABLE = YES;
				IPHONEOS_DEPLOYMENT_TARGET = 8.0;
				MTL_ENABLE_DEBUG_INFO = NO;
				SDKROOT = iphoneos;
				TARGETED_DEVICE_FAMILY = "1,2";
				VALIDATE_PRODUCT = YES;
			};
			name = Release;
		};
		2619C4D21C7D85D300334266 /* Debug */ = {
			isa = XCBuildConfiguration;
			buildSettings = {
				ASSETCATALOG_COMPILER_APPICON_NAME = AppIcon;
				INFOPLIST_FILE = "CollectionView-Sample/Info.plist";
				LD_RUNPATH_SEARCH_PATHS = "$(inherited) @executable_path/Frameworks";
				PRODUCT_BUNDLE_IDENTIFIER = "jp.co.teaandcoffee.CollectionView-Sample";
				PRODUCT_NAME = "$(TARGET_NAME)";
			};
			name = Debug;
		};
		2619C4D31C7D85D300334266 /* Release */ = {
			isa = XCBuildConfiguration;
			buildSettings = {
				ASSETCATALOG_COMPILER_APPICON_NAME = AppIcon;
				INFOPLIST_FILE = "CollectionView-Sample/Info.plist";
				LD_RUNPATH_SEARCH_PATHS = "$(inherited) @executable_path/Frameworks";
				PRODUCT_BUNDLE_IDENTIFIER = "jp.co.teaandcoffee.CollectionView-Sample";
				PRODUCT_NAME = "$(TARGET_NAME)";
			};
			name = Release;
		};
		2619C4D51C7D85D300334266 /* Debug */ = {
			isa = XCBuildConfiguration;
			buildSettings = {
				BUNDLE_LOADER = "$(TEST_HOST)";
				INFOPLIST_FILE = "CollectionView-SampleTests/Info.plist";
				LD_RUNPATH_SEARCH_PATHS = "$(inherited) @executable_path/Frameworks @loader_path/Frameworks";
				PRODUCT_BUNDLE_IDENTIFIER = "jp.co.teaandcoffee.CollectionView-SampleTests";
				PRODUCT_NAME = "$(TARGET_NAME)";
				TEST_HOST = "$(BUILT_PRODUCTS_DIR)/CollectionView-Sample.app/CollectionView-Sample";
			};
			name = Debug;
		};
		2619C4D61C7D85D300334266 /* Release */ = {
			isa = XCBuildConfiguration;
			buildSettings = {
				BUNDLE_LOADER = "$(TEST_HOST)";
				INFOPLIST_FILE = "CollectionView-SampleTests/Info.plist";
				LD_RUNPATH_SEARCH_PATHS = "$(inherited) @executable_path/Frameworks @loader_path/Frameworks";
				PRODUCT_BUNDLE_IDENTIFIER = "jp.co.teaandcoffee.CollectionView-SampleTests";
				PRODUCT_NAME = "$(TARGET_NAME)";
				TEST_HOST = "$(BUILT_PRODUCTS_DIR)/CollectionView-Sample.app/CollectionView-Sample";
			};
			name = Release;
		};
		2619C4D81C7D85D300334266 /* Debug */ = {
			isa = XCBuildConfiguration;
			buildSettings = {
				INFOPLIST_FILE = "CollectionView-SampleUITests/Info.plist";
				LD_RUNPATH_SEARCH_PATHS = "$(inherited) @executable_path/Frameworks @loader_path/Frameworks";
				PRODUCT_BUNDLE_IDENTIFIER = "jp.co.teaandcoffee.CollectionView-SampleUITests";
				PRODUCT_NAME = "$(TARGET_NAME)";
				TEST_TARGET_NAME = "CollectionView-Sample";
				USES_XCTRUNNER = YES;
			};
			name = Debug;
		};
		2619C4D91C7D85D300334266 /* Release */ = {
			isa = XCBuildConfiguration;
			buildSettings = {
				INFOPLIST_FILE = "CollectionView-SampleUITests/Info.plist";
				LD_RUNPATH_SEARCH_PATHS = "$(inherited) @executable_path/Frameworks @loader_path/Frameworks";
				PRODUCT_BUNDLE_IDENTIFIER = "jp.co.teaandcoffee.CollectionView-SampleUITests";
				PRODUCT_NAME = "$(TARGET_NAME)";
				TEST_TARGET_NAME = "CollectionView-Sample";
				USES_XCTRUNNER = YES;
			};
			name = Release;
		};
/* End XCBuildConfiguration section */

/* Begin XCConfigurationList section */
		2619C49F1C7D85D300334266 /* Build configuration list for PBXProject "CollectionView-Sample" */ = {
			isa = XCConfigurationList;
			buildConfigurations = (
				2619C4CF1C7D85D300334266 /* Debug */,
				2619C4D01C7D85D300334266 /* Release */,
			);
			defaultConfigurationIsVisible = 0;
			defaultConfigurationName = Release;
		};
		2619C4D11C7D85D300334266 /* Build configuration list for PBXNativeTarget "CollectionView-Sample" */ = {
			isa = XCConfigurationList;
			buildConfigurations = (
				2619C4D21C7D85D300334266 /* Debug */,
				2619C4D31C7D85D300334266 /* Release */,
			);
			defaultConfigurationIsVisible = 0;
			defaultConfigurationName = Release;
		};
		2619C4D41C7D85D300334266 /* Build configuration list for PBXNativeTarget "CollectionView-SampleTests" */ = {
			isa = XCConfigurationList;
			buildConfigurations = (
				2619C4D51C7D85D300334266 /* Debug */,
				2619C4D61C7D85D300334266 /* Release */,
			);
			defaultConfigurationIsVisible = 0;
			defaultConfigurationName = Release;
		};
		2619C4D71C7D85D300334266 /* Build configuration list for PBXNativeTarget "CollectionView-SampleUITests" */ = {
			isa = XCConfigurationList;
			buildConfigurations = (
				2619C4D81C7D85D300334266 /* Debug */,
				2619C4D91C7D85D300334266 /* Release */,
			);
			defaultConfigurationIsVisible = 0;
			defaultConfigurationName = Release;
		};
/* End XCConfigurationList section */
	};
	rootObject = 2619C49C1C7D85D300334266 /* Project object */;
}
